{
  "originHash" : "8cd05bb7d69621cda9a43902829463c21d4831f513c7075dad652e5d36b0e883",
  "pins" : [
    {
      "identity" : "capacitor-swift-pm",
      "kind" : "remoteSourceControl",
      "location" : "https://github.com/ionic-team/capacitor-swift-pm.git",
      "state" : {
        "revision" : "0e862e6ff13852a710c8a484180ca4d6a2cc9761",
        "version" : "8.2.0"
      }
    },
    {
      "identity" : "cbor",
      "kind" : "remoteSourceControl",
      "location" : "https://github.com/edgeengineer/cbor.git",
      "state" : {
        "revision" : "a64323cc11eb8b4d7005dfd2feadacfd5f59f547",
        "version" : "0.0.6"
      }
    },
    {
      "identity" : "kokoro-coreml",
      "kind" : "remoteSourceControl",
      "location" : "https://github.com/Jud/kokoro-coreml.git",
      "state" : {
        "revision" : "7a4836077f06eb36d199e0c5955c031675844b1c",
        "version" : "0.10.0"
      }
    },
    {
      "identity" : "swift-argument-parser",
      "kind" : "remoteSourceControl",
      "location" : "https://github.com/apple/swift-argument-parser.git",
      "state" : {
        "revision" : "626b5b7b2f45e1b0b1c6f4a309296d1d21d7311b",
        "version" : "1.7.1"
      }
    },
    {
      "identity" : "swift-bart-g2p",
      "kind" : "remoteSourceControl",
      "location" : "https://github.com/Jud/swift-bart-g2p.git",
      "state" : {
        "revision" : "1ed781e05fba7b4042212aecb6124a3aab83ce45",
        "version" : "0.4.0"
      }
    }
  ],
  "version" : 3
}
