{
  "originHash" : "4a24931334f34fd964df93550e1f1950d5cc9c4576ca6beafd26bc08f41f9d71",
  "pins" : [
    {
      "identity" : "capacitor-swift-pm",
      "kind" : "remoteSourceControl",
      "location" : "https://github.com/ionic-team/capacitor-swift-pm.git",
      "state" : {
        "revision" : "0e862e6ff13852a710c8a484180ca4d6a2cc9761",
        "version" : "8.2.0"
      }
    },
    {
      "identity" : "fluidaudio",
      "kind" : "remoteSourceControl",
      "location" : "https://github.com/FluidInference/FluidAudio.git",
      "state" : {
        "revision" : "d9eef864d29783fc22754b12090631da5388c3a9",
        "version" : "0.13.4"
      }
    }
  ],
  "version" : 3
}
